
Microsoft Visual Studio Solution File, Format Version 11.00
# Visual Studio 2010
Project("{FAE04EC0-301F-11D3-BF4B-00C04F79EFBC}") = "MatrixTestLib", "MatrixTestLib\MatrixTestLib.csproj", "{E3AEDD8D-2CFD-4B12-9DFC-1CD0BB37F682}"
EndProject
Project("{FAE04EC0-301F-11D3-BF4B-00C04F79EFBC}") = "ManagedMatrixTest", "ManagedMatrixTest\ManagedMatrixTest.csproj", "{582E761F-956F-41CA-BBCC-78AEECC4BA26}"
EndProject
Global
	GlobalSection(SolutionConfigurationPlatforms) = preSolution
		Debug|Any CPU = Debug|Any CPU
		Release|Any CPU = Release|Any CPU
		Debug|iPhoneSimulator = Debug|iPhoneSimulator
		Release|iPhoneSimulator = Release|iPhoneSimulator
		Debug|iPhone = Debug|iPhone
		Release|iPhone = Release|iPhone
		Ad-Hoc|iPhone = Ad-Hoc|iPhone
		AppStore|iPhone = AppStore|iPhone
	EndGlobalSection
	GlobalSection(ProjectConfigurationPlatforms) = postSolution
		{582E761F-956F-41CA-BBCC-78AEECC4BA26}.Ad-Hoc|iPhone.ActiveCfg = Ad-Hoc|iPhone
		{582E761F-956F-41CA-BBCC-78AEECC4BA26}.Ad-Hoc|iPhone.Build.0 = Ad-Hoc|iPhone
		{582E761F-956F-41CA-BBCC-78AEECC4BA26}.AppStore|iPhone.ActiveCfg = AppStore|iPhone
		{582E761F-956F-41CA-BBCC-78AEECC4BA26}.AppStore|iPhone.Build.0 = AppStore|iPhone
		{582E761F-956F-41CA-BBCC-78AEECC4BA26}.Debug|Any CPU.ActiveCfg = Debug|iPhoneSimulator
		{582E761F-956F-41CA-BBCC-78AEECC4BA26}.Debug|Any CPU.Build.0 = Debug|iPhoneSimulator
		{582E761F-956F-41CA-BBCC-78AEECC4BA26}.Debug|iPhone.ActiveCfg = Debug|iPhone
		{582E761F-956F-41CA-BBCC-78AEECC4BA26}.Debug|iPhone.Build.0 = Debug|iPhone
		{582E761F-956F-41CA-BBCC-78AEECC4BA26}.Debug|iPhoneSimulator.ActiveCfg = Debug|iPhoneSimulator
		{582E761F-956F-41CA-BBCC-78AEECC4BA26}.Debug|iPhoneSimulator.Build.0 = Debug|iPhoneSimulator
		{582E761F-956F-41CA-BBCC-78AEECC4BA26}.Release|Any CPU.ActiveCfg = Release|iPhoneSimulator
		{582E761F-956F-41CA-BBCC-78AEECC4BA26}.Release|Any CPU.Build.0 = Release|iPhoneSimulator
		{582E761F-956F-41CA-BBCC-78AEECC4BA26}.Release|iPhone.ActiveCfg = Release|iPhone
		{582E761F-956F-41CA-BBCC-78AEECC4BA26}.Release|iPhone.Build.0 = Release|iPhone
		{582E761F-956F-41CA-BBCC-78AEECC4BA26}.Release|iPhoneSimulator.ActiveCfg = Release|iPhoneSimulator
		{582E761F-956F-41CA-BBCC-78AEECC4BA26}.Release|iPhoneSimulator.Build.0 = Release|iPhoneSimulator
		{E3AEDD8D-2CFD-4B12-9DFC-1CD0BB37F682}.Ad-Hoc|iPhone.ActiveCfg = Debug|Any CPU
		{E3AEDD8D-2CFD-4B12-9DFC-1CD0BB37F682}.Ad-Hoc|iPhone.Build.0 = Debug|Any CPU
		{E3AEDD8D-2CFD-4B12-9DFC-1CD0BB37F682}.AppStore|iPhone.ActiveCfg = Debug|Any CPU
		{E3AEDD8D-2CFD-4B12-9DFC-1CD0BB37F682}.AppStore|iPhone.Build.0 = Debug|Any CPU
		{E3AEDD8D-2CFD-4B12-9DFC-1CD0BB37F682}.Debug|Any CPU.ActiveCfg = Debug|Any CPU
		{E3AEDD8D-2CFD-4B12-9DFC-1CD0BB37F682}.Debug|Any CPU.Build.0 = Debug|Any CPU
		{E3AEDD8D-2CFD-4B12-9DFC-1CD0BB37F682}.Debug|iPhone.ActiveCfg = Debug|Any CPU
		{E3AEDD8D-2CFD-4B12-9DFC-1CD0BB37F682}.Debug|iPhone.Build.0 = Debug|Any CPU
		{E3AEDD8D-2CFD-4B12-9DFC-1CD0BB37F682}.Debug|iPhoneSimulator.ActiveCfg = Debug|Any CPU
		{E3AEDD8D-2CFD-4B12-9DFC-1CD0BB37F682}.Debug|iPhoneSimulator.Build.0 = Debug|Any CPU
		{E3AEDD8D-2CFD-4B12-9DFC-1CD0BB37F682}.Release|Any CPU.ActiveCfg = Release|Any CPU
		{E3AEDD8D-2CFD-4B12-9DFC-1CD0BB37F682}.Release|Any CPU.Build.0 = Release|Any CPU
		{E3AEDD8D-2CFD-4B12-9DFC-1CD0BB37F682}.Release|iPhone.ActiveCfg = Release|Any CPU
		{E3AEDD8D-2CFD-4B12-9DFC-1CD0BB37F682}.Release|iPhone.Build.0 = Release|Any CPU
		{E3AEDD8D-2CFD-4B12-9DFC-1CD0BB37F682}.Release|iPhoneSimulator.ActiveCfg = Release|Any CPU
		{E3AEDD8D-2CFD-4B12-9DFC-1CD0BB37F682}.Release|iPhoneSimulator.Build.0 = Release|Any CPU
	EndGlobalSection
	GlobalSection(MonoDevelopProperties) = preSolution
		StartupItem = ManagedMatrixTest\ManagedMatrixTest.csproj
	EndGlobalSection
EndGlobal
